
Microsoft Visual Studio Solution File, Format Version 12.00
# Visual Studio 15
VisualStudioVersion = 15.0.26730.8
MinimumVisualStudioVersion = 10.0.40219.1
Project("{2150E333-8FDC-42A3-9474-1A3956D46DE8}") = "src", "src", "{4F6B1FAF-F5D1-45FC-9558-83623E8132AB}"
EndProject
Project("{9A19103F-16F7-4668-BE54-9A1E7A4F7556}") = "Adding Big Numbers", "src\Adding Big Numbers\Adding Big Numbers.csproj", "{712C0FE2-BAC6-4F5A-B567-8D3C0A6D44A0}"
EndProject
Project("{9A19103F-16F7-4668-BE54-9A1E7A4F7556}") = "Beginner Series 1 School Paperwork", "src\Beginner Series 1 School Paperwork\Beginner Series 1 School Paperwork.csproj", "{22AC34F6-79AE-476F-850F-FE75D7A844F4}"
EndProject
Project("{9A19103F-16F7-4668-BE54-9A1E7A4F7556}") = "Beginner Series 2 Clock", "src\Beginner Series 2 Clock\Beginner Series 2 Clock.csproj", "{AA257827-2D9B-4B27-971F-E6D8B3B3A1BA}"
EndProject
Project("{9A19103F-16F7-4668-BE54-9A1E7A4F7556}") = "Beginner Series 3 Sum of Numbers", "src\Beginner Series 3 Sum of Numbers\Beginner Series 3 Sum of Numbers.csproj", "{B3970C17-A696-47AE-953D-26DDD0B81CD5}"
EndProject
Project("{9A19103F-16F7-4668-BE54-9A1E7A4F7556}") = "Beginner Series 4 Cockroach", "src\Beginner Series 4 Cockroach\Beginner Series 4 Cockroach.csproj", "{A2D4E135-21F0-4849-86EE-59F822E2F0F8}"
EndProject
Project("{9A19103F-16F7-4668-BE54-9A1E7A4F7556}") = "Dubstep", "src\Dubstep\Dubstep.csproj", "{DDC694FF-D826-41B3-9138-AD79D315246E}"
EndProject
Project("{9A19103F-16F7-4668-BE54-9A1E7A4F7556}") = "Find the missing letter", "src\Find the missing letter\Find the missing letter.csproj", "{08771C2B-314D-4206-AD43-6A5EA37F6107}"
EndProject
Project("{9A19103F-16F7-4668-BE54-9A1E7A4F7556}") = "First non-repeating letter", "src\First non-repeating letter\First non-repeating letter.csproj", "{C386109F-FE9B-413A-A13E-78F94062DFA8}"
EndProject
Project("{9A19103F-16F7-4668-BE54-9A1E7A4F7556}") = "Fold an array", "src\Fold an array\Fold an array.csproj", "{A7A855DA-B593-4E74-AEFE-6474E184ED64}"
EndProject
Project("{9A19103F-16F7-4668-BE54-9A1E7A4F7556}") = "Friend or Foe", "src\Friend or Foe\Friend or Foe.csproj", "{077854F4-99B1-411E-8E25-ED5D7A7F6D54}"
EndProject
Project("{9A19103F-16F7-4668-BE54-9A1E7A4F7556}") = "IQ Test", "src\IQ Test\IQ Test.csproj", "{4B3FF3A2-FAB7-4891-B522-63C829B36A20}"
EndProject
Project("{9A19103F-16F7-4668-BE54-9A1E7A4F7556}") = "Is this a triangle", "src\Is this a triangle\Is this a triangle.csproj", "{96A8DCF3-F45E-4911-95CC-8BAE152A7A70}"
EndProject
Project("{9A19103F-16F7-4668-BE54-9A1E7A4F7556}") = "Reversed Words", "src\Reversed Words\Reversed Words.csproj", "{128EA19C-23EB-477A-8402-001EDB20292E}"
EndProject
Project("{9A19103F-16F7-4668-BE54-9A1E7A4F7556}") = "Scramblies", "src\Scramblies\Scramblies.csproj", "{2324304B-67CD-4828-870C-4CDD14126062}"
EndProject
Project("{9A19103F-16F7-4668-BE54-9A1E7A4F7556}") = "Stop gninnipS My sdroW", "src\Stop gninnipS My sdroW\Stop gninnipS My sdroW.csproj", "{B89DA318-F667-45A3-9D3B-FC4BF21DFD0B}"
EndProject
Project("{9A19103F-16F7-4668-BE54-9A1E7A4F7556}") = "Simple Pig Latin", "src\Simple Pig Latin\Simple Pig Latin.csproj", "{3DC69428-8174-4CD1-A1C7-E34937ECD917}"
EndProject
Project("{9A19103F-16F7-4668-BE54-9A1E7A4F7556}") = "Sum of Digits Digital Root", "src\Sum of Digits Digital Root\Sum of Digits Digital Root.csproj", "{2C022E9F-75FA-4EDA-88CD-1802BCE4C740}"
EndProject
Project("{9A19103F-16F7-4668-BE54-9A1E7A4F7556}") = "Sum Strings as Numbers", "src\Sum Strings as Numbers\Sum Strings as Numbers.csproj", "{C0EF1F03-C42E-419C-AA1A-D61BD462CF88}"
EndProject
Project("{9A19103F-16F7-4668-BE54-9A1E7A4F7556}") = "Vasya - Clerk", "src\Vasya - Clerk\Vasya - Clerk.csproj", "{01F32EA9-B5A4-4E8B-88D0-4EC7CBC955DA}"
EndProject
Project("{9A19103F-16F7-4668-BE54-9A1E7A4F7556}") = "Find the Parity Outlier", "src\Find the Parity Outlier\Find the Parity Outlier.csproj", "{8D9E99E4-21D7-4E81-81BC-931536114E4C}"
EndProject
Project("{FAE04EC0-301F-11D3-BF4B-00C04F79EFBC}") = "Sort My Animals", "src\Sort My Animals\Sort My Animals.csproj", "{41CFB2C5-93F5-473E-8963-47625003C24E}"
EndProject
Project("{FAE04EC0-301F-11D3-BF4B-00C04F79EFBC}") = "Counting Duplicates", "src\Counting Duplicates\Counting Duplicates.csproj", "{B59060ED-1948-457B-8BD9-5DAA4DB08DD7}"
EndProject
Project("{FAE04EC0-301F-11D3-BF4B-00C04F79EFBC}") = "Find Maximum and Minimum Values of a List", "src\Find Maximum and Minimum Values of a List\Find Maximum and Minimum Values of a List.csproj", "{FB86AB9A-70F6-46EE-97BB-D74A1EC9D2DC}"
EndProject
Project("{FAE04EC0-301F-11D3-BF4B-00C04F79EFBC}") = "Grasshopper - Summation", "src\Grasshopper - Summation\Grasshopper - Summation.csproj", "{048627E3-65FE-4DE9-B76D-7029E65C8D26}"
EndProject
Project("{FAE04EC0-301F-11D3-BF4B-00C04F79EFBC}") = "Opposite number", "src\Opposite number\Opposite number.csproj", "{14D141AA-E5CC-4360-9FD7-BAE467F1DFB8}"
EndProject
Project("{FAE04EC0-301F-11D3-BF4B-00C04F79EFBC}") = "Sum of two lowest positive integers", "src\Sum of two lowest positive integers\Sum of two lowest positive integers.csproj", "{3F3FE9C0-99BD-4189-8C24-605B079CB3C5}"
EndProject
Project("{FAE04EC0-301F-11D3-BF4B-00C04F79EFBC}") = "Counting sheep", "src\Counting sheep\Counting sheep.csproj", "{465A635F-D794-46E1-A529-CF6C7C6EEF94}"
EndProject
Project("{FAE04EC0-301F-11D3-BF4B-00C04F79EFBC}") = "Delete occurrences of an element", "src\Delete occurrences of an element\Delete occurrences of an element.csproj", "{D51E6B2C-0A67-4A5F-BE35-9582907007EC}"
EndProject
Project("{FAE04EC0-301F-11D3-BF4B-00C04F79EFBC}") = "Descending Order", "src\Descending Order\Descending Order.csproj", "{4784E52C-B1E0-4F8A-A14F-40CF4E0F613F}"
EndProject
Project("{FAE04EC0-301F-11D3-BF4B-00C04F79EFBC}") = "The Coupon Code", "src\The Coupon Code\The Coupon Code.csproj", "{9DE6D0DD-68A4-4BC7-9514-0D382FA86ABC}"
EndProject
Project("{9A19103F-16F7-4668-BE54-9A1E7A4F7556}") = "Keep Hydrated", "src\Keep Hydrated\Keep Hydrated.csproj", "{8B28CE0C-833E-4E5D-A040-B0E72F2C690E}"
EndProject
Project("{FAE04EC0-301F-11D3-BF4B-00C04F79EFBC}") = "Sum of the first nth term of Series", "src\Sum of the first nth term of Series\Sum of the first nth term of Series.csproj", "{6DBB5CFF-F70D-4DDB-9629-4A662DB6FC91}"
EndProject
Project("{FAE04EC0-301F-11D3-BF4B-00C04F79EFBC}") = "Return Negative", "src\Return Negative\Return Negative.csproj", "{0AFE81A9-CB96-4024-8C10-2E6C4BECE37B}"
EndProject
Project("{FAE04EC0-301F-11D3-BF4B-00C04F79EFBC}") = "Find the smallest integer in the array", "src\Find the smallest integer in the array\Find the smallest integer in the array.csproj", "{AA7C5BA5-F984-4160-86B7-69AF22CA9C3B}"
EndProject
Project("{FAE04EC0-301F-11D3-BF4B-00C04F79EFBC}") = "Build Tower", "src\Build Tower\Build Tower.csproj", "{EFFAE236-AF20-42DB-A966-C6EA5740FAC7}"
EndProject
Project("{FAE04EC0-301F-11D3-BF4B-00C04F79EFBC}") = "Jaden Casing Strings", "src\Jaden Casing Strings\Jaden Casing Strings.csproj", "{214F81DE-6542-46D4-BF4E-2C83E1FE181E}"
EndProject
Project("{FAE04EC0-301F-11D3-BF4B-00C04F79EFBC}") = "Find the odd int", "src\Find the odd int\Find the odd int.csproj", "{AD75C6EF-9FB3-458B-9B6E-3F0812220274}"
EndProject
Project("{FAE04EC0-301F-11D3-BF4B-00C04F79EFBC}") = "Reversing Words in a String", "src\Reversing Words in a String\Reversing Words in a String.csproj", "{F5874931-A32F-44FC-8F49-78E050A42DE9}"
EndProject
Project("{FAE04EC0-301F-11D3-BF4B-00C04F79EFBC}") = "Volume of a Cuboid", "src\Volume of a Cuboid\Volume of a Cuboid.csproj", "{B3D47DBF-82B3-4525-8AA6-17DF0DD36C83}"
EndProject
Project("{FAE04EC0-301F-11D3-BF4B-00C04F79EFBC}") = "Get the Middle Character", "src\Get the Middle Character\Get the Middle Character.csproj", "{EB77FD85-A549-4854-BBA9-0ABE96588808}"
EndProject
Project("{FAE04EC0-301F-11D3-BF4B-00C04F79EFBC}") = "The highest profit wins", "src\The highest profit wins\The highest profit wins.csproj", "{E4B7AA6D-F0E5-4B16-9CDD-F868C025E9B6}"
EndProject
Project("{FAE04EC0-301F-11D3-BF4B-00C04F79EFBC}") = "Rock Paper Scissors", "src\Rock Paper Scissors\Rock Paper Scissors.csproj", "{5F847C7A-EE1C-4F86-B0AF-C292A58F58C4}"
EndProject
Project("{FAE04EC0-301F-11D3-BF4B-00C04F79EFBC}") = "A Needle in the Haystack", "src\A Needle in the Haystack\A Needle in the Haystack.csproj", "{A2F77316-F9BC-40B5-8FF3-0B0A1CECCEBF}"
EndProject
Project("{FAE04EC0-301F-11D3-BF4B-00C04F79EFBC}") = "Powers of 2", "src\Powers of 2\Powers of 2.csproj", "{97B004A5-4FC5-4210-A684-6114361E3E88}"
EndProject
Project("{FAE04EC0-301F-11D3-BF4B-00C04F79EFBC}") = "Switch it Up", "src\Switch it Up\Switch it Up.csproj", "{3C8CEE24-8471-46D6-A0AF-93F76E1A2C0E}"
EndProject
Project("{FAE04EC0-301F-11D3-BF4B-00C04F79EFBC}") = "Invert values", "src\Invert values\Invert values.csproj", "{4957DCB0-86A5-460C-A802-7FA3B417008A}"
EndProject
Project("{FAE04EC0-301F-11D3-BF4B-00C04F79EFBC}") = "Count by X", "src\Count by X\Count by X.csproj", "{BEFF956D-1D11-4FD9-AEBD-053DC598CAF7}"
EndProject
Project("{FAE04EC0-301F-11D3-BF4B-00C04F79EFBC}") = "Calculate average", "src\Calculate average\Calculate average.csproj", "{EAB76FC5-E30D-49A6-85B8-F48A8C4A7393}"
EndProject
Project("{FAE04EC0-301F-11D3-BF4B-00C04F79EFBC}") = "Double Char", "src\Double Char\Double Char.csproj", "{0BDE2CBC-A96F-443C-BCA3-90CE10FDE965}"
EndProject
Project("{FAE04EC0-301F-11D3-BF4B-00C04F79EFBC}") = "Exclusive or xor Logical Operator", "src\Exclusive or xor Logical Operator\Exclusive or xor Logical Operator.csproj", "{B921CEAB-4C09-4898-9047-6C51A440A320}"
EndProject
Global
	GlobalSection(SolutionConfigurationPlatforms) = preSolution
		Debug|Any CPU = Debug|Any CPU
		Release|Any CPU = Release|Any CPU
	EndGlobalSection
	GlobalSection(ProjectConfigurationPlatforms) = postSolution
		{712C0FE2-BAC6-4F5A-B567-8D3C0A6D44A0}.Debug|Any CPU.ActiveCfg = Debug|Any CPU
		{712C0FE2-BAC6-4F5A-B567-8D3C0A6D44A0}.Debug|Any CPU.Build.0 = Debug|Any CPU
		{712C0FE2-BAC6-4F5A-B567-8D3C0A6D44A0}.Release|Any CPU.ActiveCfg = Release|Any CPU
		{712C0FE2-BAC6-4F5A-B567-8D3C0A6D44A0}.Release|Any CPU.Build.0 = Release|Any CPU
		{22AC34F6-79AE-476F-850F-FE75D7A844F4}.Debug|Any CPU.ActiveCfg = Debug|Any CPU
		{22AC34F6-79AE-476F-850F-FE75D7A844F4}.Debug|Any CPU.Build.0 = Debug|Any CPU
		{22AC34F6-79AE-476F-850F-FE75D7A844F4}.Release|Any CPU.ActiveCfg = Release|Any CPU
		{22AC34F6-79AE-476F-850F-FE75D7A844F4}.Release|Any CPU.Build.0 = Release|Any CPU
		{AA257827-2D9B-4B27-971F-E6D8B3B3A1BA}.Debug|Any CPU.ActiveCfg = Debug|Any CPU
		{AA257827-2D9B-4B27-971F-E6D8B3B3A1BA}.Debug|Any CPU.Build.0 = Debug|Any CPU
		{AA257827-2D9B-4B27-971F-E6D8B3B3A1BA}.Release|Any CPU.ActiveCfg = Release|Any CPU
		{AA257827-2D9B-4B27-971F-E6D8B3B3A1BA}.Release|Any CPU.Build.0 = Release|Any CPU
		{B3970C17-A696-47AE-953D-26DDD0B81CD5}.Debug|Any CPU.ActiveCfg = Debug|Any CPU
		{B3970C17-A696-47AE-953D-26DDD0B81CD5}.Debug|Any CPU.Build.0 = Debug|Any CPU
		{B3970C17-A696-47AE-953D-26DDD0B81CD5}.Release|Any CPU.ActiveCfg = Release|Any CPU
		{B3970C17-A696-47AE-953D-26DDD0B81CD5}.Release|Any CPU.Build.0 = Release|Any CPU
		{A2D4E135-21F0-4849-86EE-59F822E2F0F8}.Debug|Any CPU.ActiveCfg = Debug|Any CPU
		{A2D4E135-21F0-4849-86EE-59F822E2F0F8}.Debug|Any CPU.Build.0 = Debug|Any CPU
		{A2D4E135-21F0-4849-86EE-59F822E2F0F8}.Release|Any CPU.ActiveCfg = Release|Any CPU
		{A2D4E135-21F0-4849-86EE-59F822E2F0F8}.Release|Any CPU.Build.0 = Release|Any CPU
		{DDC694FF-D826-41B3-9138-AD79D315246E}.Debug|Any CPU.ActiveCfg = Debug|Any CPU
		{DDC694FF-D826-41B3-9138-AD79D315246E}.Debug|Any CPU.Build.0 = Debug|Any CPU
		{DDC694FF-D826-41B3-9138-AD79D315246E}.Release|Any CPU.ActiveCfg = Release|Any CPU
		{DDC694FF-D826-41B3-9138-AD79D315246E}.Release|Any CPU.Build.0 = Release|Any CPU
		{08771C2B-314D-4206-AD43-6A5EA37F6107}.Debug|Any CPU.ActiveCfg = Debug|Any CPU
		{08771C2B-314D-4206-AD43-6A5EA37F6107}.Debug|Any CPU.Build.0 = Debug|Any CPU
		{08771C2B-314D-4206-AD43-6A5EA37F6107}.Release|Any CPU.ActiveCfg = Release|Any CPU
		{08771C2B-314D-4206-AD43-6A5EA37F6107}.Release|Any CPU.Build.0 = Release|Any CPU
		{C386109F-FE9B-413A-A13E-78F94062DFA8}.Debug|Any CPU.ActiveCfg = Debug|Any CPU
		{C386109F-FE9B-413A-A13E-78F94062DFA8}.Debug|Any CPU.Build.0 = Debug|Any CPU
		{C386109F-FE9B-413A-A13E-78F94062DFA8}.Release|Any CPU.ActiveCfg = Release|Any CPU
		{C386109F-FE9B-413A-A13E-78F94062DFA8}.Release|Any CPU.Build.0 = Release|Any CPU
		{A7A855DA-B593-4E74-AEFE-6474E184ED64}.Debug|Any CPU.ActiveCfg = Debug|Any CPU
		{A7A855DA-B593-4E74-AEFE-6474E184ED64}.Debug|Any CPU.Build.0 = Debug|Any CPU
		{A7A855DA-B593-4E74-AEFE-6474E184ED64}.Release|Any CPU.ActiveCfg = Release|Any CPU
		{A7A855DA-B593-4E74-AEFE-6474E184ED64}.Release|Any CPU.Build.0 = Release|Any CPU
		{077854F4-99B1-411E-8E25-ED5D7A7F6D54}.Debug|Any CPU.ActiveCfg = Debug|Any CPU
		{077854F4-99B1-411E-8E25-ED5D7A7F6D54}.Debug|Any CPU.Build.0 = Debug|Any CPU
		{077854F4-99B1-411E-8E25-ED5D7A7F6D54}.Release|Any CPU.ActiveCfg = Release|Any CPU
		{077854F4-99B1-411E-8E25-ED5D7A7F6D54}.Release|Any CPU.Build.0 = Release|Any CPU
		{4B3FF3A2-FAB7-4891-B522-63C829B36A20}.Debug|Any CPU.ActiveCfg = Debug|Any CPU
		{4B3FF3A2-FAB7-4891-B522-63C829B36A20}.Debug|Any CPU.Build.0 = Debug|Any CPU
		{4B3FF3A2-FAB7-4891-B522-63C829B36A20}.Release|Any CPU.ActiveCfg = Release|Any CPU
		{4B3FF3A2-FAB7-4891-B522-63C829B36A20}.Release|Any CPU.Build.0 = Release|Any CPU
		{96A8DCF3-F45E-4911-95CC-8BAE152A7A70}.Debug|Any CPU.ActiveCfg = Debug|Any CPU
		{96A8DCF3-F45E-4911-95CC-8BAE152A7A70}.Debug|Any CPU.Build.0 = Debug|Any CPU
		{96A8DCF3-F45E-4911-95CC-8BAE152A7A70}.Release|Any CPU.ActiveCfg = Release|Any CPU
		{96A8DCF3-F45E-4911-95CC-8BAE152A7A70}.Release|Any CPU.Build.0 = Release|Any CPU
		{128EA19C-23EB-477A-8402-001EDB20292E}.Debug|Any CPU.ActiveCfg = Debug|Any CPU
		{128EA19C-23EB-477A-8402-001EDB20292E}.Debug|Any CPU.Build.0 = Debug|Any CPU
		{128EA19C-23EB-477A-8402-001EDB20292E}.Release|Any CPU.ActiveCfg = Release|Any CPU
		{128EA19C-23EB-477A-8402-001EDB20292E}.Release|Any CPU.Build.0 = Release|Any CPU
		{2324304B-67CD-4828-870C-4CDD14126062}.Debug|Any CPU.ActiveCfg = Debug|Any CPU
		{2324304B-67CD-4828-870C-4CDD14126062}.Debug|Any CPU.Build.0 = Debug|Any CPU
		{2324304B-67CD-4828-870C-4CDD14126062}.Release|Any CPU.ActiveCfg = Release|Any CPU
		{2324304B-67CD-4828-870C-4CDD14126062}.Release|Any CPU.Build.0 = Release|Any CPU
		{B89DA318-F667-45A3-9D3B-FC4BF21DFD0B}.Debug|Any CPU.ActiveCfg = Debug|Any CPU
		{B89DA318-F667-45A3-9D3B-FC4BF21DFD0B}.Debug|Any CPU.Build.0 = Debug|Any CPU
		{B89DA318-F667-45A3-9D3B-FC4BF21DFD0B}.Release|Any CPU.ActiveCfg = Release|Any CPU
		{B89DA318-F667-45A3-9D3B-FC4BF21DFD0B}.Release|Any CPU.Build.0 = Release|Any CPU
		{3DC69428-8174-4CD1-A1C7-E34937ECD917}.Debug|Any CPU.ActiveCfg = Debug|Any CPU
		{3DC69428-8174-4CD1-A1C7-E34937ECD917}.Debug|Any CPU.Build.0 = Debug|Any CPU
		{3DC69428-8174-4CD1-A1C7-E34937ECD917}.Release|Any CPU.ActiveCfg = Release|Any CPU
		{3DC69428-8174-4CD1-A1C7-E34937ECD917}.Release|Any CPU.Build.0 = Release|Any CPU
		{2C022E9F-75FA-4EDA-88CD-1802BCE4C740}.Debug|Any CPU.ActiveCfg = Debug|Any CPU
		{2C022E9F-75FA-4EDA-88CD-1802BCE4C740}.Debug|Any CPU.Build.0 = Debug|Any CPU
		{2C022E9F-75FA-4EDA-88CD-1802BCE4C740}.Release|Any CPU.ActiveCfg = Release|Any CPU
		{2C022E9F-75FA-4EDA-88CD-1802BCE4C740}.Release|Any CPU.Build.0 = Release|Any CPU
		{C0EF1F03-C42E-419C-AA1A-D61BD462CF88}.Debug|Any CPU.ActiveCfg = Debug|Any CPU
		{C0EF1F03-C42E-419C-AA1A-D61BD462CF88}.Debug|Any CPU.Build.0 = Debug|Any CPU
		{C0EF1F03-C42E-419C-AA1A-D61BD462CF88}.Release|Any CPU.ActiveCfg = Release|Any CPU
		{C0EF1F03-C42E-419C-AA1A-D61BD462CF88}.Release|Any CPU.Build.0 = Release|Any CPU
		{01F32EA9-B5A4-4E8B-88D0-4EC7CBC955DA}.Debug|Any CPU.ActiveCfg = Debug|Any CPU
		{01F32EA9-B5A4-4E8B-88D0-4EC7CBC955DA}.Debug|Any CPU.Build.0 = Debug|Any CPU
		{01F32EA9-B5A4-4E8B-88D0-4EC7CBC955DA}.Release|Any CPU.ActiveCfg = Release|Any CPU
		{01F32EA9-B5A4-4E8B-88D0-4EC7CBC955DA}.Release|Any CPU.Build.0 = Release|Any CPU
		{8D9E99E4-21D7-4E81-81BC-931536114E4C}.Debug|Any CPU.ActiveCfg = Debug|Any CPU
		{8D9E99E4-21D7-4E81-81BC-931536114E4C}.Debug|Any CPU.Build.0 = Debug|Any CPU
		{8D9E99E4-21D7-4E81-81BC-931536114E4C}.Release|Any CPU.ActiveCfg = Release|Any CPU
		{8D9E99E4-21D7-4E81-81BC-931536114E4C}.Release|Any CPU.Build.0 = Release|Any CPU
		{41CFB2C5-93F5-473E-8963-47625003C24E}.Debug|Any CPU.ActiveCfg = Debug|Any CPU
		{41CFB2C5-93F5-473E-8963-47625003C24E}.Debug|Any CPU.Build.0 = Debug|Any CPU
		{41CFB2C5-93F5-473E-8963-47625003C24E}.Release|Any CPU.ActiveCfg = Release|Any CPU
		{41CFB2C5-93F5-473E-8963-47625003C24E}.Release|Any CPU.Build.0 = Release|Any CPU
		{B59060ED-1948-457B-8BD9-5DAA4DB08DD7}.Debug|Any CPU.ActiveCfg = Debug|Any CPU
		{B59060ED-1948-457B-8BD9-5DAA4DB08DD7}.Debug|Any CPU.Build.0 = Debug|Any CPU
		{B59060ED-1948-457B-8BD9-5DAA4DB08DD7}.Release|Any CPU.ActiveCfg = Release|Any CPU
		{B59060ED-1948-457B-8BD9-5DAA4DB08DD7}.Release|Any CPU.Build.0 = Release|Any CPU
		{FB86AB9A-70F6-46EE-97BB-D74A1EC9D2DC}.Debug|Any CPU.ActiveCfg = Debug|Any CPU
		{FB86AB9A-70F6-46EE-97BB-D74A1EC9D2DC}.Debug|Any CPU.Build.0 = Debug|Any CPU
		{FB86AB9A-70F6-46EE-97BB-D74A1EC9D2DC}.Release|Any CPU.ActiveCfg = Release|Any CPU
		{FB86AB9A-70F6-46EE-97BB-D74A1EC9D2DC}.Release|Any CPU.Build.0 = Release|Any CPU
		{048627E3-65FE-4DE9-B76D-7029E65C8D26}.Debug|Any CPU.ActiveCfg = Debug|Any CPU
		{048627E3-65FE-4DE9-B76D-7029E65C8D26}.Debug|Any CPU.Build.0 = Debug|Any CPU
		{048627E3-65FE-4DE9-B76D-7029E65C8D26}.Release|Any CPU.ActiveCfg = Release|Any CPU
		{048627E3-65FE-4DE9-B76D-7029E65C8D26}.Release|Any CPU.Build.0 = Release|Any CPU
		{14D141AA-E5CC-4360-9FD7-BAE467F1DFB8}.Debug|Any CPU.ActiveCfg = Debug|Any CPU
		{14D141AA-E5CC-4360-9FD7-BAE467F1DFB8}.Debug|Any CPU.Build.0 = Debug|Any CPU
		{14D141AA-E5CC-4360-9FD7-BAE467F1DFB8}.Release|Any CPU.ActiveCfg = Release|Any CPU
		{14D141AA-E5CC-4360-9FD7-BAE467F1DFB8}.Release|Any CPU.Build.0 = Release|Any CPU
		{3F3FE9C0-99BD-4189-8C24-605B079CB3C5}.Debug|Any CPU.ActiveCfg = Debug|Any CPU
		{3F3FE9C0-99BD-4189-8C24-605B079CB3C5}.Debug|Any CPU.Build.0 = Debug|Any CPU
		{3F3FE9C0-99BD-4189-8C24-605B079CB3C5}.Release|Any CPU.ActiveCfg = Release|Any CPU
		{3F3FE9C0-99BD-4189-8C24-605B079CB3C5}.Release|Any CPU.Build.0 = Release|Any CPU
		{465A635F-D794-46E1-A529-CF6C7C6EEF94}.Debug|Any CPU.ActiveCfg = Debug|Any CPU
		{465A635F-D794-46E1-A529-CF6C7C6EEF94}.Debug|Any CPU.Build.0 = Debug|Any CPU
		{465A635F-D794-46E1-A529-CF6C7C6EEF94}.Release|Any CPU.ActiveCfg = Release|Any CPU
		{465A635F-D794-46E1-A529-CF6C7C6EEF94}.Release|Any CPU.Build.0 = Release|Any CPU
		{D51E6B2C-0A67-4A5F-BE35-9582907007EC}.Debug|Any CPU.ActiveCfg = Debug|Any CPU
		{D51E6B2C-0A67-4A5F-BE35-9582907007EC}.Debug|Any CPU.Build.0 = Debug|Any CPU
		{D51E6B2C-0A67-4A5F-BE35-9582907007EC}.Release|Any CPU.ActiveCfg = Release|Any CPU
		{D51E6B2C-0A67-4A5F-BE35-9582907007EC}.Release|Any CPU.Build.0 = Release|Any CPU
		{4784E52C-B1E0-4F8A-A14F-40CF4E0F613F}.Debug|Any CPU.ActiveCfg = Debug|Any CPU
		{4784E52C-B1E0-4F8A-A14F-40CF4E0F613F}.Debug|Any CPU.Build.0 = Debug|Any CPU
		{4784E52C-B1E0-4F8A-A14F-40CF4E0F613F}.Release|Any CPU.ActiveCfg = Release|Any CPU
		{4784E52C-B1E0-4F8A-A14F-40CF4E0F613F}.Release|Any CPU.Build.0 = Release|Any CPU
		{9DE6D0DD-68A4-4BC7-9514-0D382FA86ABC}.Debug|Any CPU.ActiveCfg = Debug|Any CPU
		{9DE6D0DD-68A4-4BC7-9514-0D382FA86ABC}.Debug|Any CPU.Build.0 = Debug|Any CPU
		{9DE6D0DD-68A4-4BC7-9514-0D382FA86ABC}.Release|Any CPU.ActiveCfg = Release|Any CPU
		{9DE6D0DD-68A4-4BC7-9514-0D382FA86ABC}.Release|Any CPU.Build.0 = Release|Any CPU
		{8B28CE0C-833E-4E5D-A040-B0E72F2C690E}.Debug|Any CPU.ActiveCfg = Debug|Any CPU
		{8B28CE0C-833E-4E5D-A040-B0E72F2C690E}.Debug|Any CPU.Build.0 = Debug|Any CPU
		{8B28CE0C-833E-4E5D-A040-B0E72F2C690E}.Release|Any CPU.ActiveCfg = Release|Any CPU
		{8B28CE0C-833E-4E5D-A040-B0E72F2C690E}.Release|Any CPU.Build.0 = Release|Any CPU
		{6DBB5CFF-F70D-4DDB-9629-4A662DB6FC91}.Debug|Any CPU.ActiveCfg = Debug|Any CPU
		{6DBB5CFF-F70D-4DDB-9629-4A662DB6FC91}.Debug|Any CPU.Build.0 = Debug|Any CPU
		{6DBB5CFF-F70D-4DDB-9629-4A662DB6FC91}.Release|Any CPU.ActiveCfg = Release|Any CPU
		{6DBB5CFF-F70D-4DDB-9629-4A662DB6FC91}.Release|Any CPU.Build.0 = Release|Any CPU
		{0AFE81A9-CB96-4024-8C10-2E6C4BECE37B}.Debug|Any CPU.ActiveCfg = Debug|Any CPU
		{0AFE81A9-CB96-4024-8C10-2E6C4BECE37B}.Debug|Any CPU.Build.0 = Debug|Any CPU
		{0AFE81A9-CB96-4024-8C10-2E6C4BECE37B}.Release|Any CPU.ActiveCfg = Release|Any CPU
		{0AFE81A9-CB96-4024-8C10-2E6C4BECE37B}.Release|Any CPU.Build.0 = Release|Any CPU
		{AA7C5BA5-F984-4160-86B7-69AF22CA9C3B}.Debug|Any CPU.ActiveCfg = Debug|Any CPU
		{AA7C5BA5-F984-4160-86B7-69AF22CA9C3B}.Debug|Any CPU.Build.0 = Debug|Any CPU
		{AA7C5BA5-F984-4160-86B7-69AF22CA9C3B}.Release|Any CPU.ActiveCfg = Release|Any CPU
		{AA7C5BA5-F984-4160-86B7-69AF22CA9C3B}.Release|Any CPU.Build.0 = Release|Any CPU
		{EFFAE236-AF20-42DB-A966-C6EA5740FAC7}.Debug|Any CPU.ActiveCfg = Debug|Any CPU
		{EFFAE236-AF20-42DB-A966-C6EA5740FAC7}.Debug|Any CPU.Build.0 = Debug|Any CPU
		{EFFAE236-AF20-42DB-A966-C6EA5740FAC7}.Release|Any CPU.ActiveCfg = Release|Any CPU
		{EFFAE236-AF20-42DB-A966-C6EA5740FAC7}.Release|Any CPU.Build.0 = Release|Any CPU
		{214F81DE-6542-46D4-BF4E-2C83E1FE181E}.Debug|Any CPU.ActiveCfg = Debug|Any CPU
		{214F81DE-6542-46D4-BF4E-2C83E1FE181E}.Debug|Any CPU.Build.0 = Debug|Any CPU
		{214F81DE-6542-46D4-BF4E-2C83E1FE181E}.Release|Any CPU.ActiveCfg = Release|Any CPU
		{214F81DE-6542-46D4-BF4E-2C83E1FE181E}.Release|Any CPU.Build.0 = Release|Any CPU
		{AD75C6EF-9FB3-458B-9B6E-3F0812220274}.Debug|Any CPU.ActiveCfg = Debug|Any CPU
		{AD75C6EF-9FB3-458B-9B6E-3F0812220274}.Debug|Any CPU.Build.0 = Debug|Any CPU
		{AD75C6EF-9FB3-458B-9B6E-3F0812220274}.Release|Any CPU.ActiveCfg = Release|Any CPU
		{AD75C6EF-9FB3-458B-9B6E-3F0812220274}.Release|Any CPU.Build.0 = Release|Any CPU
		{F5874931-A32F-44FC-8F49-78E050A42DE9}.Debug|Any CPU.ActiveCfg = Debug|Any CPU
		{F5874931-A32F-44FC-8F49-78E050A42DE9}.Debug|Any CPU.Build.0 = Debug|Any CPU
		{F5874931-A32F-44FC-8F49-78E050A42DE9}.Release|Any CPU.ActiveCfg = Release|Any CPU
		{F5874931-A32F-44FC-8F49-78E050A42DE9}.Release|Any CPU.Build.0 = Release|Any CPU
		{B3D47DBF-82B3-4525-8AA6-17DF0DD36C83}.Debug|Any CPU.ActiveCfg = Debug|Any CPU
		{B3D47DBF-82B3-4525-8AA6-17DF0DD36C83}.Debug|Any CPU.Build.0 = Debug|Any CPU
		{B3D47DBF-82B3-4525-8AA6-17DF0DD36C83}.Release|Any CPU.ActiveCfg = Release|Any CPU
		{B3D47DBF-82B3-4525-8AA6-17DF0DD36C83}.Release|Any CPU.Build.0 = Release|Any CPU
		{EB77FD85-A549-4854-BBA9-0ABE96588808}.Debug|Any CPU.ActiveCfg = Debug|Any CPU
		{EB77FD85-A549-4854-BBA9-0ABE96588808}.Debug|Any CPU.Build.0 = Debug|Any CPU
		{EB77FD85-A549-4854-BBA9-0ABE96588808}.Release|Any CPU.ActiveCfg = Release|Any CPU
		{EB77FD85-A549-4854-BBA9-0ABE96588808}.Release|Any CPU.Build.0 = Release|Any CPU
		{E4B7AA6D-F0E5-4B16-9CDD-F868C025E9B6}.Debug|Any CPU.ActiveCfg = Debug|Any CPU
		{E4B7AA6D-F0E5-4B16-9CDD-F868C025E9B6}.Debug|Any CPU.Build.0 = Debug|Any CPU
		{E4B7AA6D-F0E5-4B16-9CDD-F868C025E9B6}.Release|Any CPU.ActiveCfg = Release|Any CPU
		{E4B7AA6D-F0E5-4B16-9CDD-F868C025E9B6}.Release|Any CPU.Build.0 = Release|Any CPU
		{5F847C7A-EE1C-4F86-B0AF-C292A58F58C4}.Debug|Any CPU.ActiveCfg = Debug|Any CPU
		{5F847C7A-EE1C-4F86-B0AF-C292A58F58C4}.Debug|Any CPU.Build.0 = Debug|Any CPU
		{5F847C7A-EE1C-4F86-B0AF-C292A58F58C4}.Release|Any CPU.ActiveCfg = Release|Any CPU
		{5F847C7A-EE1C-4F86-B0AF-C292A58F58C4}.Release|Any CPU.Build.0 = Release|Any CPU
		{A2F77316-F9BC-40B5-8FF3-0B0A1CECCEBF}.Debug|Any CPU.ActiveCfg = Debug|Any CPU
		{A2F77316-F9BC-40B5-8FF3-0B0A1CECCEBF}.Debug|Any CPU.Build.0 = Debug|Any CPU
		{A2F77316-F9BC-40B5-8FF3-0B0A1CECCEBF}.Release|Any CPU.ActiveCfg = Release|Any CPU
		{A2F77316-F9BC-40B5-8FF3-0B0A1CECCEBF}.Release|Any CPU.Build.0 = Release|Any CPU
		{97B004A5-4FC5-4210-A684-6114361E3E88}.Debug|Any CPU.ActiveCfg = Debug|Any CPU
		{97B004A5-4FC5-4210-A684-6114361E3E88}.Debug|Any CPU.Build.0 = Debug|Any CPU
		{97B004A5-4FC5-4210-A684-6114361E3E88}.Release|Any CPU.ActiveCfg = Release|Any CPU
		{97B004A5-4FC5-4210-A684-6114361E3E88}.Release|Any CPU.Build.0 = Release|Any CPU
		{3C8CEE24-8471-46D6-A0AF-93F76E1A2C0E}.Debug|Any CPU.ActiveCfg = Debug|Any CPU
		{3C8CEE24-8471-46D6-A0AF-93F76E1A2C0E}.Debug|Any CPU.Build.0 = Debug|Any CPU
		{3C8CEE24-8471-46D6-A0AF-93F76E1A2C0E}.Release|Any CPU.ActiveCfg = Release|Any CPU
		{3C8CEE24-8471-46D6-A0AF-93F76E1A2C0E}.Release|Any CPU.Build.0 = Release|Any CPU
		{4957DCB0-86A5-460C-A802-7FA3B417008A}.Debug|Any CPU.ActiveCfg = Debug|Any CPU
		{4957DCB0-86A5-460C-A802-7FA3B417008A}.Debug|Any CPU.Build.0 = Debug|Any CPU
		{4957DCB0-86A5-460C-A802-7FA3B417008A}.Release|Any CPU.ActiveCfg = Release|Any CPU
		{4957DCB0-86A5-460C-A802-7FA3B417008A}.Release|Any CPU.Build.0 = Release|Any CPU
		{BEFF956D-1D11-4FD9-AEBD-053DC598CAF7}.Debug|Any CPU.ActiveCfg = Debug|Any CPU
		{BEFF956D-1D11-4FD9-AEBD-053DC598CAF7}.Debug|Any CPU.Build.0 = Debug|Any CPU
		{BEFF956D-1D11-4FD9-AEBD-053DC598CAF7}.Release|Any CPU.ActiveCfg = Release|Any CPU
		{BEFF956D-1D11-4FD9-AEBD-053DC598CAF7}.Release|Any CPU.Build.0 = Release|Any CPU
		{EAB76FC5-E30D-49A6-85B8-F48A8C4A7393}.Debug|Any CPU.ActiveCfg = Debug|Any CPU
		{EAB76FC5-E30D-49A6-85B8-F48A8C4A7393}.Debug|Any CPU.Build.0 = Debug|Any CPU
		{EAB76FC5-E30D-49A6-85B8-F48A8C4A7393}.Release|Any CPU.ActiveCfg = Release|Any CPU
		{EAB76FC5-E30D-49A6-85B8-F48A8C4A7393}.Release|Any CPU.Build.0 = Release|Any CPU
		{0BDE2CBC-A96F-443C-BCA3-90CE10FDE965}.Debug|Any CPU.ActiveCfg = Debug|Any CPU
		{0BDE2CBC-A96F-443C-BCA3-90CE10FDE965}.Debug|Any CPU.Build.0 = Debug|Any CPU
		{0BDE2CBC-A96F-443C-BCA3-90CE10FDE965}.Release|Any CPU.ActiveCfg = Release|Any CPU
		{0BDE2CBC-A96F-443C-BCA3-90CE10FDE965}.Release|Any CPU.Build.0 = Release|Any CPU
		{B921CEAB-4C09-4898-9047-6C51A440A320}.Debug|Any CPU.ActiveCfg = Debug|Any CPU
		{B921CEAB-4C09-4898-9047-6C51A440A320}.Debug|Any CPU.Build.0 = Debug|Any CPU
		{B921CEAB-4C09-4898-9047-6C51A440A320}.Release|Any CPU.ActiveCfg = Release|Any CPU
		{B921CEAB-4C09-4898-9047-6C51A440A320}.Release|Any CPU.Build.0 = Release|Any CPU
	EndGlobalSection
	GlobalSection(SolutionProperties) = preSolution
		HideSolutionNode = FALSE
	EndGlobalSection
	GlobalSection(NestedProjects) = preSolution
		{712C0FE2-BAC6-4F5A-B567-8D3C0A6D44A0} = {4F6B1FAF-F5D1-45FC-9558-83623E8132AB}
		{22AC34F6-79AE-476F-850F-FE75D7A844F4} = {4F6B1FAF-F5D1-45FC-9558-83623E8132AB}
		{AA257827-2D9B-4B27-971F-E6D8B3B3A1BA} = {4F6B1FAF-F5D1-45FC-9558-83623E8132AB}
		{B3970C17-A696-47AE-953D-26DDD0B81CD5} = {4F6B1FAF-F5D1-45FC-9558-83623E8132AB}
		{A2D4E135-21F0-4849-86EE-59F822E2F0F8} = {4F6B1FAF-F5D1-45FC-9558-83623E8132AB}
		{DDC694FF-D826-41B3-9138-AD79D315246E} = {4F6B1FAF-F5D1-45FC-9558-83623E8132AB}
		{08771C2B-314D-4206-AD43-6A5EA37F6107} = {4F6B1FAF-F5D1-45FC-9558-83623E8132AB}
		{C386109F-FE9B-413A-A13E-78F94062DFA8} = {4F6B1FAF-F5D1-45FC-9558-83623E8132AB}
		{A7A855DA-B593-4E74-AEFE-6474E184ED64} = {4F6B1FAF-F5D1-45FC-9558-83623E8132AB}
		{077854F4-99B1-411E-8E25-ED5D7A7F6D54} = {4F6B1FAF-F5D1-45FC-9558-83623E8132AB}
		{4B3FF3A2-FAB7-4891-B522-63C829B36A20} = {4F6B1FAF-F5D1-45FC-9558-83623E8132AB}
		{96A8DCF3-F45E-4911-95CC-8BAE152A7A70} = {4F6B1FAF-F5D1-45FC-9558-83623E8132AB}
		{128EA19C-23EB-477A-8402-001EDB20292E} = {4F6B1FAF-F5D1-45FC-9558-83623E8132AB}
		{2324304B-67CD-4828-870C-4CDD14126062} = {4F6B1FAF-F5D1-45FC-9558-83623E8132AB}
		{B89DA318-F667-45A3-9D3B-FC4BF21DFD0B} = {4F6B1FAF-F5D1-45FC-9558-83623E8132AB}
		{3DC69428-8174-4CD1-A1C7-E34937ECD917} = {4F6B1FAF-F5D1-45FC-9558-83623E8132AB}
		{2C022E9F-75FA-4EDA-88CD-1802BCE4C740} = {4F6B1FAF-F5D1-45FC-9558-83623E8132AB}
		{C0EF1F03-C42E-419C-AA1A-D61BD462CF88} = {4F6B1FAF-F5D1-45FC-9558-83623E8132AB}
		{01F32EA9-B5A4-4E8B-88D0-4EC7CBC955DA} = {4F6B1FAF-F5D1-45FC-9558-83623E8132AB}
		{8D9E99E4-21D7-4E81-81BC-931536114E4C} = {4F6B1FAF-F5D1-45FC-9558-83623E8132AB}
		{41CFB2C5-93F5-473E-8963-47625003C24E} = {4F6B1FAF-F5D1-45FC-9558-83623E8132AB}
		{B59060ED-1948-457B-8BD9-5DAA4DB08DD7} = {4F6B1FAF-F5D1-45FC-9558-83623E8132AB}
		{FB86AB9A-70F6-46EE-97BB-D74A1EC9D2DC} = {4F6B1FAF-F5D1-45FC-9558-83623E8132AB}
		{048627E3-65FE-4DE9-B76D-7029E65C8D26} = {4F6B1FAF-F5D1-45FC-9558-83623E8132AB}
		{14D141AA-E5CC-4360-9FD7-BAE467F1DFB8} = {4F6B1FAF-F5D1-45FC-9558-83623E8132AB}
		{3F3FE9C0-99BD-4189-8C24-605B079CB3C5} = {4F6B1FAF-F5D1-45FC-9558-83623E8132AB}
		{465A635F-D794-46E1-A529-CF6C7C6EEF94} = {4F6B1FAF-F5D1-45FC-9558-83623E8132AB}
		{D51E6B2C-0A67-4A5F-BE35-9582907007EC} = {4F6B1FAF-F5D1-45FC-9558-83623E8132AB}
		{4784E52C-B1E0-4F8A-A14F-40CF4E0F613F} = {4F6B1FAF-F5D1-45FC-9558-83623E8132AB}
		{9DE6D0DD-68A4-4BC7-9514-0D382FA86ABC} = {4F6B1FAF-F5D1-45FC-9558-83623E8132AB}
		{8B28CE0C-833E-4E5D-A040-B0E72F2C690E} = {4F6B1FAF-F5D1-45FC-9558-83623E8132AB}
		{6DBB5CFF-F70D-4DDB-9629-4A662DB6FC91} = {4F6B1FAF-F5D1-45FC-9558-83623E8132AB}
		{0AFE81A9-CB96-4024-8C10-2E6C4BECE37B} = {4F6B1FAF-F5D1-45FC-9558-83623E8132AB}
		{AA7C5BA5-F984-4160-86B7-69AF22CA9C3B} = {4F6B1FAF-F5D1-45FC-9558-83623E8132AB}
		{EFFAE236-AF20-42DB-A966-C6EA5740FAC7} = {4F6B1FAF-F5D1-45FC-9558-83623E8132AB}
		{214F81DE-6542-46D4-BF4E-2C83E1FE181E} = {4F6B1FAF-F5D1-45FC-9558-83623E8132AB}
		{AD75C6EF-9FB3-458B-9B6E-3F0812220274} = {4F6B1FAF-F5D1-45FC-9558-83623E8132AB}
		{F5874931-A32F-44FC-8F49-78E050A42DE9} = {4F6B1FAF-F5D1-45FC-9558-83623E8132AB}
		{B3D47DBF-82B3-4525-8AA6-17DF0DD36C83} = {4F6B1FAF-F5D1-45FC-9558-83623E8132AB}
		{EB77FD85-A549-4854-BBA9-0ABE96588808} = {4F6B1FAF-F5D1-45FC-9558-83623E8132AB}
		{E4B7AA6D-F0E5-4B16-9CDD-F868C025E9B6} = {4F6B1FAF-F5D1-45FC-9558-83623E8132AB}
		{5F847C7A-EE1C-4F86-B0AF-C292A58F58C4} = {4F6B1FAF-F5D1-45FC-9558-83623E8132AB}
		{A2F77316-F9BC-40B5-8FF3-0B0A1CECCEBF} = {4F6B1FAF-F5D1-45FC-9558-83623E8132AB}
		{97B004A5-4FC5-4210-A684-6114361E3E88} = {4F6B1FAF-F5D1-45FC-9558-83623E8132AB}
		{3C8CEE24-8471-46D6-A0AF-93F76E1A2C0E} = {4F6B1FAF-F5D1-45FC-9558-83623E8132AB}
		{4957DCB0-86A5-460C-A802-7FA3B417008A} = {4F6B1FAF-F5D1-45FC-9558-83623E8132AB}
		{BEFF956D-1D11-4FD9-AEBD-053DC598CAF7} = {4F6B1FAF-F5D1-45FC-9558-83623E8132AB}
		{EAB76FC5-E30D-49A6-85B8-F48A8C4A7393} = {4F6B1FAF-F5D1-45FC-9558-83623E8132AB}
		{0BDE2CBC-A96F-443C-BCA3-90CE10FDE965} = {4F6B1FAF-F5D1-45FC-9558-83623E8132AB}
		{B921CEAB-4C09-4898-9047-6C51A440A320} = {4F6B1FAF-F5D1-45FC-9558-83623E8132AB}
	EndGlobalSection
	GlobalSection(ExtensibilityGlobals) = postSolution
		SolutionGuid = {03D2F71A-80A8-40E1-A8CB-ED8936CEC52F}
	EndGlobalSection
EndGlobal
