
Microsoft Visual Studio Solution File, Format Version 12.00
# Visual Studio 15
VisualStudioVersion = 15.0.26430.16
MinimumVisualStudioVersion = 10.0.40219.1
Project("{2150E333-8FDC-42A3-9474-1A3956D46DE8}") = "src", "src", "{4F6B1FAF-F5D1-45FC-9558-83623E8132AB}"
EndProject
Project("{FAE04EC0-301F-11D3-BF4B-00C04F79EFBC}") = "Adding Big Numbers", "src\Adding Big Numbers\Adding Big Numbers.csproj", "{712C0FE2-BAC6-4F5A-B567-8D3C0A6D44A0}"
EndProject
Project("{FAE04EC0-301F-11D3-BF4B-00C04F79EFBC}") = "Beginner Series 1 School Paperwork", "src\Beginner Series 1 School Paperwork\Beginner Series 1 School Paperwork.csproj", "{22AC34F6-79AE-476F-850F-FE75D7A844F4}"
EndProject
Project("{FAE04EC0-301F-11D3-BF4B-00C04F79EFBC}") = "Beginner Series 2 Clock", "src\Beginner Series 2 Clock\Beginner Series 2 Clock.csproj", "{AA257827-2D9B-4B27-971F-E6D8B3B3A1BA}"
EndProject
Project("{FAE04EC0-301F-11D3-BF4B-00C04F79EFBC}") = "Beginner Series 3 Sum of Numbers", "src\Beginner Series 3 Sum of Numbers\Beginner Series 3 Sum of Numbers.csproj", "{B3970C17-A696-47AE-953D-26DDD0B81CD5}"
EndProject
Project("{FAE04EC0-301F-11D3-BF4B-00C04F79EFBC}") = "Beginner Series 4 Cockroach", "src\Beginner Series 4 Cockroach\Beginner Series 4 Cockroach.csproj", "{A2D4E135-21F0-4849-86EE-59F822E2F0F8}"
EndProject
Project("{FAE04EC0-301F-11D3-BF4B-00C04F79EFBC}") = "Dubstep", "src\Dubstep\Dubstep.csproj", "{DDC694FF-D826-41B3-9138-AD79D315246E}"
EndProject
Project("{FAE04EC0-301F-11D3-BF4B-00C04F79EFBC}") = "Find the missing letter", "src\Find the missing letter\Find the missing letter.csproj", "{08771C2B-314D-4206-AD43-6A5EA37F6107}"
EndProject
Project("{FAE04EC0-301F-11D3-BF4B-00C04F79EFBC}") = "First non-repeating letter", "src\First non-repeating letter\First non-repeating letter.csproj", "{C386109F-FE9B-413A-A13E-78F94062DFA8}"
EndProject
Project("{FAE04EC0-301F-11D3-BF4B-00C04F79EFBC}") = "Fold an array", "src\Fold an array\Fold an array.csproj", "{A7A855DA-B593-4E74-AEFE-6474E184ED64}"
EndProject
Project("{FAE04EC0-301F-11D3-BF4B-00C04F79EFBC}") = "Friend or Foe", "src\Friend or Foe\Friend or Foe.csproj", "{077854F4-99B1-411E-8E25-ED5D7A7F6D54}"
EndProject
Project("{FAE04EC0-301F-11D3-BF4B-00C04F79EFBC}") = "IQ Test", "src\IQ Test\IQ Test.csproj", "{4B3FF3A2-FAB7-4891-B522-63C829B36A20}"
EndProject
Project("{FAE04EC0-301F-11D3-BF4B-00C04F79EFBC}") = "Is this a triangle", "src\Is this a triangle\Is this a triangle.csproj", "{96A8DCF3-F45E-4911-95CC-8BAE152A7A70}"
EndProject
Project("{FAE04EC0-301F-11D3-BF4B-00C04F79EFBC}") = "Reversed Words", "src\Reversed Words\Reversed Words.csproj", "{128EA19C-23EB-477A-8402-001EDB20292E}"
EndProject
Project("{FAE04EC0-301F-11D3-BF4B-00C04F79EFBC}") = "Scramblies", "src\Scramblies\Scramblies.csproj", "{2324304B-67CD-4828-870C-4CDD14126062}"
EndProject
Project("{FAE04EC0-301F-11D3-BF4B-00C04F79EFBC}") = "Stop gninnipS My sdroW", "src\Stop gninnipS My sdroW\Stop gninnipS My sdroW.csproj", "{B89DA318-F667-45A3-9D3B-FC4BF21DFD0B}"
EndProject
Project("{FAE04EC0-301F-11D3-BF4B-00C04F79EFBC}") = "Simple Pig Latin", "src\Simple Pig Latin\Simple Pig Latin.csproj", "{3DC69428-8174-4CD1-A1C7-E34937ECD917}"
EndProject
Project("{FAE04EC0-301F-11D3-BF4B-00C04F79EFBC}") = "Sum of Digits Digital Root", "src\Sum of Digits Digital Root\Sum of Digits Digital Root.csproj", "{2C022E9F-75FA-4EDA-88CD-1802BCE4C740}"
EndProject
Project("{FAE04EC0-301F-11D3-BF4B-00C04F79EFBC}") = "Sum Strings as Numbers", "src\Sum Strings as Numbers\Sum Strings as Numbers.csproj", "{C0EF1F03-C42E-419C-AA1A-D61BD462CF88}"
EndProject
Project("{FAE04EC0-301F-11D3-BF4B-00C04F79EFBC}") = "Vasya - Clerk", "src\Vasya - Clerk\Vasya - Clerk.csproj", "{01F32EA9-B5A4-4E8B-88D0-4EC7CBC955DA}"
EndProject
Project("{FAE04EC0-301F-11D3-BF4B-00C04F79EFBC}") = "Find the Parity Outlier", "src\Find the Parity Outlier\Find the Parity Outlier.csproj", "{8D9E99E4-21D7-4E81-81BC-931536114E4C}"
EndProject
Global
	GlobalSection(SolutionConfigurationPlatforms) = preSolution
		Debug|Any CPU = Debug|Any CPU
		Release|Any CPU = Release|Any CPU
	EndGlobalSection
	GlobalSection(ProjectConfigurationPlatforms) = postSolution
		{712C0FE2-BAC6-4F5A-B567-8D3C0A6D44A0}.Debug|Any CPU.ActiveCfg = Debug|Any CPU
		{712C0FE2-BAC6-4F5A-B567-8D3C0A6D44A0}.Debug|Any CPU.Build.0 = Debug|Any CPU
		{712C0FE2-BAC6-4F5A-B567-8D3C0A6D44A0}.Release|Any CPU.ActiveCfg = Release|Any CPU
		{712C0FE2-BAC6-4F5A-B567-8D3C0A6D44A0}.Release|Any CPU.Build.0 = Release|Any CPU
		{22AC34F6-79AE-476F-850F-FE75D7A844F4}.Debug|Any CPU.ActiveCfg = Debug|Any CPU
		{22AC34F6-79AE-476F-850F-FE75D7A844F4}.Debug|Any CPU.Build.0 = Debug|Any CPU
		{22AC34F6-79AE-476F-850F-FE75D7A844F4}.Release|Any CPU.ActiveCfg = Release|Any CPU
		{22AC34F6-79AE-476F-850F-FE75D7A844F4}.Release|Any CPU.Build.0 = Release|Any CPU
		{AA257827-2D9B-4B27-971F-E6D8B3B3A1BA}.Debug|Any CPU.ActiveCfg = Debug|Any CPU
		{AA257827-2D9B-4B27-971F-E6D8B3B3A1BA}.Debug|Any CPU.Build.0 = Debug|Any CPU
		{AA257827-2D9B-4B27-971F-E6D8B3B3A1BA}.Release|Any CPU.ActiveCfg = Release|Any CPU
		{AA257827-2D9B-4B27-971F-E6D8B3B3A1BA}.Release|Any CPU.Build.0 = Release|Any CPU
		{B3970C17-A696-47AE-953D-26DDD0B81CD5}.Debug|Any CPU.ActiveCfg = Debug|Any CPU
		{B3970C17-A696-47AE-953D-26DDD0B81CD5}.Debug|Any CPU.Build.0 = Debug|Any CPU
		{B3970C17-A696-47AE-953D-26DDD0B81CD5}.Release|Any CPU.ActiveCfg = Release|Any CPU
		{B3970C17-A696-47AE-953D-26DDD0B81CD5}.Release|Any CPU.Build.0 = Release|Any CPU
		{A2D4E135-21F0-4849-86EE-59F822E2F0F8}.Debug|Any CPU.ActiveCfg = Debug|Any CPU
		{A2D4E135-21F0-4849-86EE-59F822E2F0F8}.Debug|Any CPU.Build.0 = Debug|Any CPU
		{A2D4E135-21F0-4849-86EE-59F822E2F0F8}.Release|Any CPU.ActiveCfg = Release|Any CPU
		{A2D4E135-21F0-4849-86EE-59F822E2F0F8}.Release|Any CPU.Build.0 = Release|Any CPU
		{DDC694FF-D826-41B3-9138-AD79D315246E}.Debug|Any CPU.ActiveCfg = Debug|Any CPU
		{DDC694FF-D826-41B3-9138-AD79D315246E}.Debug|Any CPU.Build.0 = Debug|Any CPU
		{DDC694FF-D826-41B3-9138-AD79D315246E}.Release|Any CPU.ActiveCfg = Release|Any CPU
		{DDC694FF-D826-41B3-9138-AD79D315246E}.Release|Any CPU.Build.0 = Release|Any CPU
		{08771C2B-314D-4206-AD43-6A5EA37F6107}.Debug|Any CPU.ActiveCfg = Debug|Any CPU
		{08771C2B-314D-4206-AD43-6A5EA37F6107}.Debug|Any CPU.Build.0 = Debug|Any CPU
		{08771C2B-314D-4206-AD43-6A5EA37F6107}.Release|Any CPU.ActiveCfg = Release|Any CPU
		{08771C2B-314D-4206-AD43-6A5EA37F6107}.Release|Any CPU.Build.0 = Release|Any CPU
		{C386109F-FE9B-413A-A13E-78F94062DFA8}.Debug|Any CPU.ActiveCfg = Debug|Any CPU
		{C386109F-FE9B-413A-A13E-78F94062DFA8}.Debug|Any CPU.Build.0 = Debug|Any CPU
		{C386109F-FE9B-413A-A13E-78F94062DFA8}.Release|Any CPU.ActiveCfg = Release|Any CPU
		{C386109F-FE9B-413A-A13E-78F94062DFA8}.Release|Any CPU.Build.0 = Release|Any CPU
		{A7A855DA-B593-4E74-AEFE-6474E184ED64}.Debug|Any CPU.ActiveCfg = Debug|Any CPU
		{A7A855DA-B593-4E74-AEFE-6474E184ED64}.Debug|Any CPU.Build.0 = Debug|Any CPU
		{A7A855DA-B593-4E74-AEFE-6474E184ED64}.Release|Any CPU.ActiveCfg = Release|Any CPU
		{A7A855DA-B593-4E74-AEFE-6474E184ED64}.Release|Any CPU.Build.0 = Release|Any CPU
		{077854F4-99B1-411E-8E25-ED5D7A7F6D54}.Debug|Any CPU.ActiveCfg = Debug|Any CPU
		{077854F4-99B1-411E-8E25-ED5D7A7F6D54}.Debug|Any CPU.Build.0 = Debug|Any CPU
		{077854F4-99B1-411E-8E25-ED5D7A7F6D54}.Release|Any CPU.ActiveCfg = Release|Any CPU
		{077854F4-99B1-411E-8E25-ED5D7A7F6D54}.Release|Any CPU.Build.0 = Release|Any CPU
		{4B3FF3A2-FAB7-4891-B522-63C829B36A20}.Debug|Any CPU.ActiveCfg = Debug|Any CPU
		{4B3FF3A2-FAB7-4891-B522-63C829B36A20}.Debug|Any CPU.Build.0 = Debug|Any CPU
		{4B3FF3A2-FAB7-4891-B522-63C829B36A20}.Release|Any CPU.ActiveCfg = Release|Any CPU
		{4B3FF3A2-FAB7-4891-B522-63C829B36A20}.Release|Any CPU.Build.0 = Release|Any CPU
		{96A8DCF3-F45E-4911-95CC-8BAE152A7A70}.Debug|Any CPU.ActiveCfg = Debug|Any CPU
		{96A8DCF3-F45E-4911-95CC-8BAE152A7A70}.Debug|Any CPU.Build.0 = Debug|Any CPU
		{96A8DCF3-F45E-4911-95CC-8BAE152A7A70}.Release|Any CPU.ActiveCfg = Release|Any CPU
		{96A8DCF3-F45E-4911-95CC-8BAE152A7A70}.Release|Any CPU.Build.0 = Release|Any CPU
		{128EA19C-23EB-477A-8402-001EDB20292E}.Debug|Any CPU.ActiveCfg = Debug|Any CPU
		{128EA19C-23EB-477A-8402-001EDB20292E}.Debug|Any CPU.Build.0 = Debug|Any CPU
		{128EA19C-23EB-477A-8402-001EDB20292E}.Release|Any CPU.ActiveCfg = Release|Any CPU
		{128EA19C-23EB-477A-8402-001EDB20292E}.Release|Any CPU.Build.0 = Release|Any CPU
		{2324304B-67CD-4828-870C-4CDD14126062}.Debug|Any CPU.ActiveCfg = Debug|Any CPU
		{2324304B-67CD-4828-870C-4CDD14126062}.Debug|Any CPU.Build.0 = Debug|Any CPU
		{2324304B-67CD-4828-870C-4CDD14126062}.Release|Any CPU.ActiveCfg = Release|Any CPU
		{2324304B-67CD-4828-870C-4CDD14126062}.Release|Any CPU.Build.0 = Release|Any CPU
		{B89DA318-F667-45A3-9D3B-FC4BF21DFD0B}.Debug|Any CPU.ActiveCfg = Debug|Any CPU
		{B89DA318-F667-45A3-9D3B-FC4BF21DFD0B}.Debug|Any CPU.Build.0 = Debug|Any CPU
		{B89DA318-F667-45A3-9D3B-FC4BF21DFD0B}.Release|Any CPU.ActiveCfg = Release|Any CPU
		{B89DA318-F667-45A3-9D3B-FC4BF21DFD0B}.Release|Any CPU.Build.0 = Release|Any CPU
		{3DC69428-8174-4CD1-A1C7-E34937ECD917}.Debug|Any CPU.ActiveCfg = Debug|Any CPU
		{3DC69428-8174-4CD1-A1C7-E34937ECD917}.Debug|Any CPU.Build.0 = Debug|Any CPU
		{3DC69428-8174-4CD1-A1C7-E34937ECD917}.Release|Any CPU.ActiveCfg = Release|Any CPU
		{3DC69428-8174-4CD1-A1C7-E34937ECD917}.Release|Any CPU.Build.0 = Release|Any CPU
		{2C022E9F-75FA-4EDA-88CD-1802BCE4C740}.Debug|Any CPU.ActiveCfg = Debug|Any CPU
		{2C022E9F-75FA-4EDA-88CD-1802BCE4C740}.Debug|Any CPU.Build.0 = Debug|Any CPU
		{2C022E9F-75FA-4EDA-88CD-1802BCE4C740}.Release|Any CPU.ActiveCfg = Release|Any CPU
		{2C022E9F-75FA-4EDA-88CD-1802BCE4C740}.Release|Any CPU.Build.0 = Release|Any CPU
		{C0EF1F03-C42E-419C-AA1A-D61BD462CF88}.Debug|Any CPU.ActiveCfg = Debug|Any CPU
		{C0EF1F03-C42E-419C-AA1A-D61BD462CF88}.Debug|Any CPU.Build.0 = Debug|Any CPU
		{C0EF1F03-C42E-419C-AA1A-D61BD462CF88}.Release|Any CPU.ActiveCfg = Release|Any CPU
		{C0EF1F03-C42E-419C-AA1A-D61BD462CF88}.Release|Any CPU.Build.0 = Release|Any CPU
		{01F32EA9-B5A4-4E8B-88D0-4EC7CBC955DA}.Debug|Any CPU.ActiveCfg = Debug|Any CPU
		{01F32EA9-B5A4-4E8B-88D0-4EC7CBC955DA}.Debug|Any CPU.Build.0 = Debug|Any CPU
		{01F32EA9-B5A4-4E8B-88D0-4EC7CBC955DA}.Release|Any CPU.ActiveCfg = Release|Any CPU
		{01F32EA9-B5A4-4E8B-88D0-4EC7CBC955DA}.Release|Any CPU.Build.0 = Release|Any CPU
		{8D9E99E4-21D7-4E81-81BC-931536114E4C}.Debug|Any CPU.ActiveCfg = Debug|Any CPU
		{8D9E99E4-21D7-4E81-81BC-931536114E4C}.Debug|Any CPU.Build.0 = Debug|Any CPU
		{8D9E99E4-21D7-4E81-81BC-931536114E4C}.Release|Any CPU.ActiveCfg = Release|Any CPU
		{8D9E99E4-21D7-4E81-81BC-931536114E4C}.Release|Any CPU.Build.0 = Release|Any CPU
	EndGlobalSection
	GlobalSection(SolutionProperties) = preSolution
		HideSolutionNode = FALSE
	EndGlobalSection
	GlobalSection(NestedProjects) = preSolution
		{712C0FE2-BAC6-4F5A-B567-8D3C0A6D44A0} = {4F6B1FAF-F5D1-45FC-9558-83623E8132AB}
		{22AC34F6-79AE-476F-850F-FE75D7A844F4} = {4F6B1FAF-F5D1-45FC-9558-83623E8132AB}
		{AA257827-2D9B-4B27-971F-E6D8B3B3A1BA} = {4F6B1FAF-F5D1-45FC-9558-83623E8132AB}
		{B3970C17-A696-47AE-953D-26DDD0B81CD5} = {4F6B1FAF-F5D1-45FC-9558-83623E8132AB}
		{A2D4E135-21F0-4849-86EE-59F822E2F0F8} = {4F6B1FAF-F5D1-45FC-9558-83623E8132AB}
		{DDC694FF-D826-41B3-9138-AD79D315246E} = {4F6B1FAF-F5D1-45FC-9558-83623E8132AB}
		{08771C2B-314D-4206-AD43-6A5EA37F6107} = {4F6B1FAF-F5D1-45FC-9558-83623E8132AB}
		{C386109F-FE9B-413A-A13E-78F94062DFA8} = {4F6B1FAF-F5D1-45FC-9558-83623E8132AB}
		{A7A855DA-B593-4E74-AEFE-6474E184ED64} = {4F6B1FAF-F5D1-45FC-9558-83623E8132AB}
		{077854F4-99B1-411E-8E25-ED5D7A7F6D54} = {4F6B1FAF-F5D1-45FC-9558-83623E8132AB}
		{4B3FF3A2-FAB7-4891-B522-63C829B36A20} = {4F6B1FAF-F5D1-45FC-9558-83623E8132AB}
		{96A8DCF3-F45E-4911-95CC-8BAE152A7A70} = {4F6B1FAF-F5D1-45FC-9558-83623E8132AB}
		{128EA19C-23EB-477A-8402-001EDB20292E} = {4F6B1FAF-F5D1-45FC-9558-83623E8132AB}
		{2324304B-67CD-4828-870C-4CDD14126062} = {4F6B1FAF-F5D1-45FC-9558-83623E8132AB}
		{B89DA318-F667-45A3-9D3B-FC4BF21DFD0B} = {4F6B1FAF-F5D1-45FC-9558-83623E8132AB}
		{3DC69428-8174-4CD1-A1C7-E34937ECD917} = {4F6B1FAF-F5D1-45FC-9558-83623E8132AB}
		{2C022E9F-75FA-4EDA-88CD-1802BCE4C740} = {4F6B1FAF-F5D1-45FC-9558-83623E8132AB}
		{C0EF1F03-C42E-419C-AA1A-D61BD462CF88} = {4F6B1FAF-F5D1-45FC-9558-83623E8132AB}
		{01F32EA9-B5A4-4E8B-88D0-4EC7CBC955DA} = {4F6B1FAF-F5D1-45FC-9558-83623E8132AB}
		{8D9E99E4-21D7-4E81-81BC-931536114E4C} = {4F6B1FAF-F5D1-45FC-9558-83623E8132AB}
	EndGlobalSection
EndGlobal
